
Microsoft Visual Studio Solution File, Format Version 12.00
# Visual Studio Version 17
VisualStudioVersion = 17.7.34009.444
MinimumVisualStudioVersion = 10.0.40219.1
Project("{FAE04EC0-301F-11D3-BF4B-00C04F79EFBC}") = "Inlamning 3 Databashantering", "Inlamning 3 Databashantering.csproj", "{F1F05E5B-A048-4F7A-9417-D67895DD79B4}"
EndProject
Global
	GlobalSection(SolutionConfigurationPlatforms) = preSolution
		Debug|Any CPU = Debug|Any CPU
		Release|Any CPU = Release|Any CPU
	EndGlobalSection
	GlobalSection(ProjectConfigurationPlatforms) = postSolution
		{F1F05E5B-A048-4F7A-9417-D67895DD79B4}.Debug|Any CPU.ActiveCfg = Debug|Any CPU
		{F1F05E5B-A048-4F7A-9417-D67895DD79B4}.Debug|Any CPU.Build.0 = Debug|Any CPU
		{F1F05E5B-A048-4F7A-9417-D67895DD79B4}.Release|Any CPU.ActiveCfg = Release|Any CPU
		{F1F05E5B-A048-4F7A-9417-D67895DD79B4}.Release|Any CPU.Build.0 = Release|Any CPU
	EndGlobalSection
	GlobalSection(SolutionProperties) = preSolution
		HideSolutionNode = FALSE
	EndGlobalSection
	GlobalSection(ExtensibilityGlobals) = postSolution
		SolutionGuid = {0504BA47-77E0-4CD2-B451-AF81D2A21EDA}
	EndGlobalSection
EndGlobal
